
Microsoft Visual Studio Solution File, Format Version 12.00
# Visual Studio Version 16
VisualStudioVersion = 16.0.30204.135
MinimumVisualStudioVersion = 10.0.40219.1
Project("{9A19103F-16F7-4668-BE54-9A1E7A4F7556}") = "Tomat.TomatBot", "Tomat.TomatBot.csproj", "{8800E59A-ABD8-4EF1-BABE-F57D40BD9664}"
EndProject
Project("{2150E333-8FDC-42A3-9474-1A3956D46DE8}") = "Solution Items", "Solution Items", "{81469713-D93B-4080-9D66-52B26E7989BF}"
	ProjectSection(SolutionItems) = preProject
		.gitignore = .gitignore
		README.md = README.md
	EndProjectSection
EndProject
Project("{FAE04EC0-301F-11D3-BF4B-00C04F79EFBC}") = "Tomat.CommandFramework", "..\Tomat.Commands\Tomat.CommandFramework.csproj", "{7C38C4C0-4CEE-44DB-BD74-4A6DC5AEA18F}"
EndProject
Project("{FAE04EC0-301F-11D3-BF4B-00C04F79EFBC}") = "Tomat.Logging", "..\Tomat.Logging\Tomat.Logging.csproj", "{9A9BC971-CE51-45E2-AA39-08CF7EAE2786}"
EndProject
Project("{FAE04EC0-301F-11D3-BF4B-00C04F79EFBC}") = "Tomat.ServiceFramework", "..\Tomat.ServiceFramework\Tomat.ServiceFramework.csproj", "{24989D3F-13DC-4849-BAC8-B1F47CAEC9E4}"
EndProject
Project("{FAE04EC0-301F-11D3-BF4B-00C04F79EFBC}") = "Tomat.Conveniency", "..\Tomat.Conveniency\Tomat.Conveniency.csproj", "{C45A114A-2AD0-4C15-BC4D-1B703401FEB5}"
EndProject
Project("{FAE04EC0-301F-11D3-BF4B-00C04F79EFBC}") = "Tomat.MiscWeb", "..\Tomat.MiscWeb\Tomat.MiscWeb.csproj", "{09AC85A0-5366-4F5B-956C-31D56BF15EE3}"
EndProject
Global
	GlobalSection(SolutionConfigurationPlatforms) = preSolution
		Debug|Any CPU = Debug|Any CPU
		Release|Any CPU = Release|Any CPU
	EndGlobalSection
	GlobalSection(ProjectConfigurationPlatforms) = postSolution
		{8800E59A-ABD8-4EF1-BABE-F57D40BD9664}.Debug|Any CPU.ActiveCfg = Debug|Any CPU
		{8800E59A-ABD8-4EF1-BABE-F57D40BD9664}.Debug|Any CPU.Build.0 = Debug|Any CPU
		{8800E59A-ABD8-4EF1-BABE-F57D40BD9664}.Release|Any CPU.ActiveCfg = Release|Any CPU
		{8800E59A-ABD8-4EF1-BABE-F57D40BD9664}.Release|Any CPU.Build.0 = Release|Any CPU
		{7C38C4C0-4CEE-44DB-BD74-4A6DC5AEA18F}.Debug|Any CPU.ActiveCfg = Debug|Any CPU
		{7C38C4C0-4CEE-44DB-BD74-4A6DC5AEA18F}.Debug|Any CPU.Build.0 = Debug|Any CPU
		{7C38C4C0-4CEE-44DB-BD74-4A6DC5AEA18F}.Release|Any CPU.ActiveCfg = Release|Any CPU
		{7C38C4C0-4CEE-44DB-BD74-4A6DC5AEA18F}.Release|Any CPU.Build.0 = Release|Any CPU
		{9A9BC971-CE51-45E2-AA39-08CF7EAE2786}.Debug|Any CPU.ActiveCfg = Debug|Any CPU
		{9A9BC971-CE51-45E2-AA39-08CF7EAE2786}.Debug|Any CPU.Build.0 = Debug|Any CPU
		{9A9BC971-CE51-45E2-AA39-08CF7EAE2786}.Release|Any CPU.ActiveCfg = Release|Any CPU
		{9A9BC971-CE51-45E2-AA39-08CF7EAE2786}.Release|Any CPU.Build.0 = Release|Any CPU
		{24989D3F-13DC-4849-BAC8-B1F47CAEC9E4}.Debug|Any CPU.ActiveCfg = Debug|Any CPU
		{24989D3F-13DC-4849-BAC8-B1F47CAEC9E4}.Debug|Any CPU.Build.0 = Debug|Any CPU
		{24989D3F-13DC-4849-BAC8-B1F47CAEC9E4}.Release|Any CPU.ActiveCfg = Release|Any CPU
		{24989D3F-13DC-4849-BAC8-B1F47CAEC9E4}.Release|Any CPU.Build.0 = Release|Any CPU
		{C45A114A-2AD0-4C15-BC4D-1B703401FEB5}.Debug|Any CPU.ActiveCfg = Debug|Any CPU
		{C45A114A-2AD0-4C15-BC4D-1B703401FEB5}.Debug|Any CPU.Build.0 = Debug|Any CPU
		{C45A114A-2AD0-4C15-BC4D-1B703401FEB5}.Release|Any CPU.ActiveCfg = Release|Any CPU
		{C45A114A-2AD0-4C15-BC4D-1B703401FEB5}.Release|Any CPU.Build.0 = Release|Any CPU
		{09AC85A0-5366-4F5B-956C-31D56BF15EE3}.Debug|Any CPU.ActiveCfg = Debug|Any CPU
		{09AC85A0-5366-4F5B-956C-31D56BF15EE3}.Debug|Any CPU.Build.0 = Debug|Any CPU
		{09AC85A0-5366-4F5B-956C-31D56BF15EE3}.Release|Any CPU.ActiveCfg = Release|Any CPU
		{09AC85A0-5366-4F5B-956C-31D56BF15EE3}.Release|Any CPU.Build.0 = Release|Any CPU
	EndGlobalSection
	GlobalSection(SolutionProperties) = preSolution
		HideSolutionNode = FALSE
	EndGlobalSection
	GlobalSection(ExtensibilityGlobals) = postSolution
		SolutionGuid = {C6F5B3C7-4AEA-40F3-913D-93DAB9B17576}
	EndGlobalSection
EndGlobal
